<?xml version="1.0" encoding="utf-8"?>
<Project ToolsVersion="4.0" xmlns="http://schemas.microsoft.com/developer/msbuild/2003">
  <ItemGroup>
    <Filter Include="Source Files">
      <UniqueIdentifier>{4FC737F1-C7A5-4376-A066-2A32D752A2FF}</UniqueIdentifier>
      <Extensions>qml;cpp;c;cc;cxx;def;odl;idl;hpj;bat;asm;asmx</Extensions>
    </Filter>
    <Filter Include="Header Files">
      <UniqueIdentifier>{93995380-89BD-4b04-88EB-625FBE52EBFB}</UniqueIdentifier>
      <Extensions>h;hh;hpp;hxx;hm;inl;inc;xsd</Extensions>
    </Filter>
    <Filter Include="Resource Files">
      <UniqueIdentifier>{67DA6AB6-F800-4c08-8B7A-83BB121AAD01}</UniqueIdentifier>
      <Extensions>qrc;rc;ico;cur;bmp;dlg;rc2;rct;bin;rgs;gif;jpg;jpeg;jpe;resx;tiff;tif;png;wav;mfcribbon-ms</Extensions>
    </Filter>
    <Filter Include="Translation Files">
      <UniqueIdentifier>{639EADAA-A684-42e4-A9AD-28FC9BCB8F7C}</UniqueIdentifier>
      <Extensions>ts</Extensions>
    </Filter>
    <Filter Include="Source Files\Logger">
      <UniqueIdentifier>{0e58c833-07f2-4672-8c61-9d25f23be9e4}</UniqueIdentifier>
    </Filter>
    <Filter Include="Source Files\UI">
      <UniqueIdentifier>{02dab15e-a23a-43b1-b1ba-e396ec93fa52}</UniqueIdentifier>
    </Filter>
    <Filter Include="Source Files\Model">
      <UniqueIdentifier>{0dc2357f-3518-4b9f-ab33-a41d18cbbfab}</UniqueIdentifier>
    </Filter>
    <Filter Include="Source Files\IO">
      <UniqueIdentifier>{ab9d8bb4-c4ed-42a3-82ed-9e8ecddc7668}</UniqueIdentifier>
    </Filter>
    <Filter Include="Source Files\DB">
      <UniqueIdentifier>{be7e629f-d29d-4c58-9b2c-8651bc4c366e}</UniqueIdentifier>
    </Filter>
  </ItemGroup>
  <ItemGroup>
    <ClCompile Include="main.cpp">
      <Filter>Source Files</Filter>
    </ClCompile>
    <QtRcc Include="qml.qrc">
      <Filter>Resource Files</Filter>
    </QtRcc>
    <None Include="main.qml">
      <Filter>Source Files</Filter>
    </None>
    <ClCompile Include="DCListView.cpp">
      <Filter>Source Files\UI</Filter>
    </ClCompile>
    <ClCompile Include="DCDetailInfoModel.cpp">
      <Filter>Source Files\Model</Filter>
    </ClCompile>
    <ClCompile Include="DCReader.cpp">
      <Filter>Source Files\IO</Filter>
    </ClCompile>
    <ClCompile Include="DCDicomFileModel.cpp">
      <Filter>Source Files\Model</Filter>
    </ClCompile>
    <ClCompile Include="DCScopeModel.cpp">
      <Filter>Source Files\Model</Filter>
    </ClCompile>
    <ClCompile Include="DCDetailInfoItemDelegate.cpp">
      <Filter>Source Files</Filter>
    </ClCompile>
    <ClCompile Include="MainWidget.cpp">
      <Filter>Source Files\UI</Filter>
    </ClCompile>
    <ClCompile Include="DCDBManager.cpp">
      <Filter>Source Files\DB</Filter>
    </ClCompile>
    <ClCompile Include="Utils.cpp">
      <Filter>Source Files</Filter>
    </ClCompile>
  </ItemGroup>
  <ItemGroup>
    <ClInclude Include="DCListView.h">
      <Filter>Header Files</Filter>
    </ClInclude>
    <ClInclude Include="DCDetailInfoModel.h">
      <Filter>Header Files</Filter>
    </ClInclude>
    <ClInclude Include="DCDetailInfoItemDelegate.h">
      <Filter>Header Files</Filter>
    </ClInclude>
    <ClInclude Include="DCReader.h">
      <Filter>Header Files</Filter>
    </ClInclude>
    <ClInclude Include="DCDicomFileModel.h">
      <Filter>Header Files</Filter>
    </ClInclude>
    <ClInclude Include="CommonDefine.h">
      <Filter>Header Files</Filter>
    </ClInclude>
    <ClInclude Include="DCScopeModel.h">
      <Filter>Header Files</Filter>
    </ClInclude>
    <ClInclude Include="DCDetailInfoStruct.h">
      <Filter>Header Files</Filter>
    </ClInclude>
    <ClInclude Include="DCDBManager.h">
      <Filter>Header Files</Filter>
    </ClInclude>
    <ClInclude Include="Utils.h">
      <Filter>Header Files</Filter>
    </ClInclude>
  </ItemGroup>
  <ItemGroup>
    <QtMoc Include="MainWidget.h">
      <Filter>Header Files</Filter>
    </QtMoc>
  </ItemGroup>
  <ItemGroup>
    <None Include="cpp.hint" />
    <None Include="111.dcm" />
    <None Include="dcmdata.dll" />
    <None Include="image-00000.dcm" />
    <None Include="oflog.dll" />
    <None Include="ofstd.dll" />
  </ItemGroup>
</Project>